
Microsoft Visual Studio Solution File, Format Version 12.00
# Visual Studio 15
VisualStudioVersion = 15.0.28010.2003
MinimumVisualStudioVersion = 10.0.40219.1
Project("{9A19103F-16F7-4668-BE54-9A1E7A4F7556}") = "01.DefineIPerson", "01.DefineIPerson\01.DefineIPerson.csproj", "{2CDDCDC1-9A8C-4EC0-B26D-E4CEB765167B}"
EndProject
Project("{9A19103F-16F7-4668-BE54-9A1E7A4F7556}") = "02.MultipleImplementation", "02.MultipleImplementation\02.MultipleImplementation.csproj", "{76E9FA42-DF84-4704-A778-5008C17B3E5F}"
EndProject
Project("{9A19103F-16F7-4668-BE54-9A1E7A4F7556}") = "03.Ferrari", "03.Ferrari\03.Ferrari.csproj", "{263F6161-921A-4884-ACBA-DFC65D599EAD}"
EndProject
Project("{9A19103F-16F7-4668-BE54-9A1E7A4F7556}") = "04.Telephony", "04.Telephony\04.Telephony.csproj", "{24AAFED4-8BDE-47DF-89CE-ED571635FD2D}"
EndProject
Project("{9A19103F-16F7-4668-BE54-9A1E7A4F7556}") = "05.BorderControl", "05.Border ontrol\05.BorderControl.csproj", "{A0ECDA3B-C908-473E-9269-5E9AF9FA1AD4}"
EndProject
Project("{9A19103F-16F7-4668-BE54-9A1E7A4F7556}") = "06.BirthdayCelebrations", "06.BirthdayCelebrations\06.BirthdayCelebrations.csproj", "{01267A5B-4C5C-46B9-BBF3-974501D7A27A}"
EndProject
Project("{FAE04EC0-301F-11D3-BF4B-00C04F79EFBC}") = "07.FoodShortage", "07.FoodShortage\07.FoodShortage.csproj", "{4BAEBB0F-AC53-451C-A9D6-0A0BE0F210F2}"
EndProject
Project("{FAE04EC0-301F-11D3-BF4B-00C04F79EFBC}") = "08.MilitaryElite", "08.MilitaryElite\08.MilitaryElite.csproj", "{8A20C42F-9AD0-4213-AFCA-4F7437D5F5F5}"
EndProject
Global
	GlobalSection(SolutionConfigurationPlatforms) = preSolution
		Debug|Any CPU = Debug|Any CPU
		Release|Any CPU = Release|Any CPU
	EndGlobalSection
	GlobalSection(ProjectConfigurationPlatforms) = postSolution
		{2CDDCDC1-9A8C-4EC0-B26D-E4CEB765167B}.Debug|Any CPU.ActiveCfg = Debug|Any CPU
		{2CDDCDC1-9A8C-4EC0-B26D-E4CEB765167B}.Debug|Any CPU.Build.0 = Debug|Any CPU
		{2CDDCDC1-9A8C-4EC0-B26D-E4CEB765167B}.Release|Any CPU.ActiveCfg = Release|Any CPU
		{2CDDCDC1-9A8C-4EC0-B26D-E4CEB765167B}.Release|Any CPU.Build.0 = Release|Any CPU
		{76E9FA42-DF84-4704-A778-5008C17B3E5F}.Debug|Any CPU.ActiveCfg = Debug|Any CPU
		{76E9FA42-DF84-4704-A778-5008C17B3E5F}.Debug|Any CPU.Build.0 = Debug|Any CPU
		{76E9FA42-DF84-4704-A778-5008C17B3E5F}.Release|Any CPU.ActiveCfg = Release|Any CPU
		{76E9FA42-DF84-4704-A778-5008C17B3E5F}.Release|Any CPU.Build.0 = Release|Any CPU
		{263F6161-921A-4884-ACBA-DFC65D599EAD}.Debug|Any CPU.ActiveCfg = Debug|Any CPU
		{263F6161-921A-4884-ACBA-DFC65D599EAD}.Debug|Any CPU.Build.0 = Debug|Any CPU
		{263F6161-921A-4884-ACBA-DFC65D599EAD}.Release|Any CPU.ActiveCfg = Release|Any CPU
		{263F6161-921A-4884-ACBA-DFC65D599EAD}.Release|Any CPU.Build.0 = Release|Any CPU
		{24AAFED4-8BDE-47DF-89CE-ED571635FD2D}.Debug|Any CPU.ActiveCfg = Debug|Any CPU
		{24AAFED4-8BDE-47DF-89CE-ED571635FD2D}.Debug|Any CPU.Build.0 = Debug|Any CPU
		{24AAFED4-8BDE-47DF-89CE-ED571635FD2D}.Release|Any CPU.ActiveCfg = Release|Any CPU
		{24AAFED4-8BDE-47DF-89CE-ED571635FD2D}.Release|Any CPU.Build.0 = Release|Any CPU
		{A0ECDA3B-C908-473E-9269-5E9AF9FA1AD4}.Debug|Any CPU.ActiveCfg = Debug|Any CPU
		{A0ECDA3B-C908-473E-9269-5E9AF9FA1AD4}.Debug|Any CPU.Build.0 = Debug|Any CPU
		{A0ECDA3B-C908-473E-9269-5E9AF9FA1AD4}.Release|Any CPU.ActiveCfg = Release|Any CPU
		{A0ECDA3B-C908-473E-9269-5E9AF9FA1AD4}.Release|Any CPU.Build.0 = Release|Any CPU
		{01267A5B-4C5C-46B9-BBF3-974501D7A27A}.Debug|Any CPU.ActiveCfg = Debug|Any CPU
		{01267A5B-4C5C-46B9-BBF3-974501D7A27A}.Debug|Any CPU.Build.0 = Debug|Any CPU
		{01267A5B-4C5C-46B9-BBF3-974501D7A27A}.Release|Any CPU.ActiveCfg = Release|Any CPU
		{01267A5B-4C5C-46B9-BBF3-974501D7A27A}.Release|Any CPU.Build.0 = Release|Any CPU
		{4BAEBB0F-AC53-451C-A9D6-0A0BE0F210F2}.Debug|Any CPU.ActiveCfg = Debug|Any CPU
		{4BAEBB0F-AC53-451C-A9D6-0A0BE0F210F2}.Debug|Any CPU.Build.0 = Debug|Any CPU
		{4BAEBB0F-AC53-451C-A9D6-0A0BE0F210F2}.Release|Any CPU.ActiveCfg = Release|Any CPU
		{4BAEBB0F-AC53-451C-A9D6-0A0BE0F210F2}.Release|Any CPU.Build.0 = Release|Any CPU
		{8A20C42F-9AD0-4213-AFCA-4F7437D5F5F5}.Debug|Any CPU.ActiveCfg = Debug|Any CPU
		{8A20C42F-9AD0-4213-AFCA-4F7437D5F5F5}.Debug|Any CPU.Build.0 = Debug|Any CPU
		{8A20C42F-9AD0-4213-AFCA-4F7437D5F5F5}.Release|Any CPU.ActiveCfg = Release|Any CPU
		{8A20C42F-9AD0-4213-AFCA-4F7437D5F5F5}.Release|Any CPU.Build.0 = Release|Any CPU
	EndGlobalSection
	GlobalSection(SolutionProperties) = preSolution
		HideSolutionNode = FALSE
	EndGlobalSection
	GlobalSection(ExtensibilityGlobals) = postSolution
		SolutionGuid = {BCE5C58B-74D9-4979-AD67-69096E6CE07E}
	EndGlobalSection
EndGlobal
