
Microsoft Visual Studio Solution File, Format Version 12.00
# Visual Studio 15
VisualStudioVersion = 15.0.28010.2003
MinimumVisualStudioVersion = 10.0.40219.1
Project("{FAE04EC0-301F-11D3-BF4B-00C04F79EFBC}") = "01.SingleInheritance", "01.SingleInheritance\01.SingleInheritance.csproj", "{B2CB2095-0283-4C68-A110-F3EFA2A59140}"
EndProject
Project("{FAE04EC0-301F-11D3-BF4B-00C04F79EFBC}") = "02-03.MultipleInheritance", "02.MultipleInheritance\02-03.MultipleInheritance.csproj", "{39861543-0361-4E64-9BBE-77D540515E22}"
EndProject
Global
	GlobalSection(SolutionConfigurationPlatforms) = preSolution
		Debug|Any CPU = Debug|Any CPU
		Release|Any CPU = Release|Any CPU
	EndGlobalSection
	GlobalSection(ProjectConfigurationPlatforms) = postSolution
		{B2CB2095-0283-4C68-A110-F3EFA2A59140}.Debug|Any CPU.ActiveCfg = Debug|Any CPU
		{B2CB2095-0283-4C68-A110-F3EFA2A59140}.Debug|Any CPU.Build.0 = Debug|Any CPU
		{B2CB2095-0283-4C68-A110-F3EFA2A59140}.Release|Any CPU.ActiveCfg = Release|Any CPU
		{B2CB2095-0283-4C68-A110-F3EFA2A59140}.Release|Any CPU.Build.0 = Release|Any CPU
		{39861543-0361-4E64-9BBE-77D540515E22}.Debug|Any CPU.ActiveCfg = Debug|Any CPU
		{39861543-0361-4E64-9BBE-77D540515E22}.Debug|Any CPU.Build.0 = Debug|Any CPU
		{39861543-0361-4E64-9BBE-77D540515E22}.Release|Any CPU.ActiveCfg = Release|Any CPU
		{39861543-0361-4E64-9BBE-77D540515E22}.Release|Any CPU.Build.0 = Release|Any CPU
	EndGlobalSection
	GlobalSection(SolutionProperties) = preSolution
		HideSolutionNode = FALSE
	EndGlobalSection
	GlobalSection(ExtensibilityGlobals) = postSolution
		SolutionGuid = {FDDFCE16-E4D3-4C71-BA80-3029D7099884}
	EndGlobalSection
EndGlobal
